
Microsoft Visual Studio Solution File, Format Version 12.00
# Visual Studio 14
VisualStudioVersion = 14.0.25420.1
MinimumVisualStudioVersion = 10.0.40219.1
Project("{2150E333-8FDC-42A3-9474-1A3956D46DE8}") = "MiniCore.Container", "MiniCore.Container", "{58A94DD5-EAC7-4791-BACA-35CC79D1CEF6}"
EndProject
Project("{2150E333-8FDC-42A3-9474-1A3956D46DE8}") = "MiniCore.Container.Tests", "MiniCore.Container.Tests", "{51B5FAE6-9EBB-4947-82DD-C2D839AE62B7}"
EndProject
Project("{FAE04EC0-301F-11D3-BF4B-00C04F79EFBC}") = "MiniCore.Container.UnitTests", "MiniCore.Container.Tests\MiniCore.Container.UnitTests\MiniCore.Container.UnitTests.csproj", "{E33C7C27-E3A1-4DE1-B953-1B65BF65DE79}"
EndProject
Project("{FAE04EC0-301F-11D3-BF4B-00C04F79EFBC}") = "MiniCore.Container.Wcf.UnitTests", "MiniCore.Container.Tests\MiniCore.Container.Wcf.UnitTests\MiniCore.Container.Wcf.UnitTests.csproj", "{4E8C9291-21AC-443B-BA96-10DE3E917EFC}"
EndProject
Project("{FAE04EC0-301F-11D3-BF4B-00C04F79EFBC}") = "MiniCore.Container", "MiniCore.Container\MiniCore.Container\MiniCore.Container.csproj", "{309599D8-4E10-4A6D-855D-A7FD842FCE39}"
EndProject
Project("{FAE04EC0-301F-11D3-BF4B-00C04F79EFBC}") = "MiniCore.Container.Wcf", "MiniCore.Container\MiniCore.Container.Wcf\MiniCore.Container.Wcf.csproj", "{626F0EBF-793B-45F1-9368-71CECBF70450}"
EndProject
Global
	GlobalSection(SolutionConfigurationPlatforms) = preSolution
		Debug|Any CPU = Debug|Any CPU
		Release|Any CPU = Release|Any CPU
	EndGlobalSection
	GlobalSection(ProjectConfigurationPlatforms) = postSolution
		{E33C7C27-E3A1-4DE1-B953-1B65BF65DE79}.Debug|Any CPU.ActiveCfg = Debug|Any CPU
		{E33C7C27-E3A1-4DE1-B953-1B65BF65DE79}.Debug|Any CPU.Build.0 = Debug|Any CPU
		{E33C7C27-E3A1-4DE1-B953-1B65BF65DE79}.Release|Any CPU.ActiveCfg = Release|Any CPU
		{E33C7C27-E3A1-4DE1-B953-1B65BF65DE79}.Release|Any CPU.Build.0 = Release|Any CPU
		{4E8C9291-21AC-443B-BA96-10DE3E917EFC}.Debug|Any CPU.ActiveCfg = Debug|Any CPU
		{4E8C9291-21AC-443B-BA96-10DE3E917EFC}.Debug|Any CPU.Build.0 = Debug|Any CPU
		{4E8C9291-21AC-443B-BA96-10DE3E917EFC}.Release|Any CPU.ActiveCfg = Release|Any CPU
		{4E8C9291-21AC-443B-BA96-10DE3E917EFC}.Release|Any CPU.Build.0 = Release|Any CPU
		{309599D8-4E10-4A6D-855D-A7FD842FCE39}.Debug|Any CPU.ActiveCfg = Debug|Any CPU
		{309599D8-4E10-4A6D-855D-A7FD842FCE39}.Debug|Any CPU.Build.0 = Debug|Any CPU
		{309599D8-4E10-4A6D-855D-A7FD842FCE39}.Release|Any CPU.ActiveCfg = Release|Any CPU
		{309599D8-4E10-4A6D-855D-A7FD842FCE39}.Release|Any CPU.Build.0 = Release|Any CPU
		{626F0EBF-793B-45F1-9368-71CECBF70450}.Debug|Any CPU.ActiveCfg = Debug|Any CPU
		{626F0EBF-793B-45F1-9368-71CECBF70450}.Debug|Any CPU.Build.0 = Debug|Any CPU
		{626F0EBF-793B-45F1-9368-71CECBF70450}.Release|Any CPU.ActiveCfg = Release|Any CPU
		{626F0EBF-793B-45F1-9368-71CECBF70450}.Release|Any CPU.Build.0 = Release|Any CPU
	EndGlobalSection
	GlobalSection(SolutionProperties) = preSolution
		HideSolutionNode = FALSE
	EndGlobalSection
	GlobalSection(NestedProjects) = preSolution
		{E33C7C27-E3A1-4DE1-B953-1B65BF65DE79} = {51B5FAE6-9EBB-4947-82DD-C2D839AE62B7}
		{4E8C9291-21AC-443B-BA96-10DE3E917EFC} = {51B5FAE6-9EBB-4947-82DD-C2D839AE62B7}
		{309599D8-4E10-4A6D-855D-A7FD842FCE39} = {58A94DD5-EAC7-4791-BACA-35CC79D1CEF6}
		{626F0EBF-793B-45F1-9368-71CECBF70450} = {58A94DD5-EAC7-4791-BACA-35CC79D1CEF6}
	EndGlobalSection
EndGlobal
